// !$*UTF8*$!
{
	archiveVersion = 1;
	classes = {
	};
	objectVersion = 56;
	objects = {

/* Begin PBXBuildFile section */
		7314029F2B1DC6C400FDBD5F /* AppDelegate.swift in Sources */ = {isa = PBXBuildFile; fileRef = 7314029E2B1DC6C400FDBD5F /* AppDelegate.swift */; };
		731402A12B1DC6C400FDBD5F /* SceneDelegate.swift in Sources */ = {isa = PBXBuildFile; fileRef = 731402A02B1DC6C400FDBD5F /* SceneDelegate.swift */; };
		731402A32B1DC6C400FDBD5F /* ImagesListViewController.swift in Sources */ = {isa = PBXBuildFile; fileRef = 731402A22B1DC6C400FDBD5F /* ImagesListViewController.swift */; };
		731402A62B1DC6C400FDBD5F /* Main.storyboard in Resources */ = {isa = PBXBuildFile; fileRef = 731402A42B1DC6C400FDBD5F /* Main.storyboard */; };
		731402A82B1DC6C500FDBD5F /* Assets.xcassets in Resources */ = {isa = PBXBuildFile; fileRef = 731402A72B1DC6C500FDBD5F /* Assets.xcassets */; };
		731402AB2B1DC6C500FDBD5F /* LaunchScreen.storyboard in Resources */ = {isa = PBXBuildFile; fileRef = 731402A92B1DC6C500FDBD5F /* LaunchScreen.storyboard */; };
		731402B32B1DD47100FDBD5F /* ImagesListCell.swift in Sources */ = {isa = PBXBuildFile; fileRef = 731402B22B1DD47100FDBD5F /* ImagesListCell.swift */; };
		732769E22B7218CE003D6B9D /* ImageListServiceTests.swift in Sources */ = {isa = PBXBuildFile; fileRef = 732769E12B7218CE003D6B9D /* ImageListServiceTests.swift */; };
		732A288F2B7F4BE30052DEFD /* WebViewPresenter.swift in Sources */ = {isa = PBXBuildFile; fileRef = 732A288E2B7F4BE30052DEFD /* WebViewPresenter.swift */; };
		732A28912B7F5DB70052DEFD /* AuthHelper.swift in Sources */ = {isa = PBXBuildFile; fileRef = 732A28902B7F5DB70052DEFD /* AuthHelper.swift */; };
		732A28992B7F750B0052DEFD /* ImageFeedTests_sprint_13.swift in Sources */ = {isa = PBXBuildFile; fileRef = 732A28982B7F750B0052DEFD /* ImageFeedTests_sprint_13.swift */; };
		732A28A02B7F767E0052DEFD /* WebViewPresenterSpy.swift in Sources */ = {isa = PBXBuildFile; fileRef = 732A289F2B7F767E0052DEFD /* WebViewPresenterSpy.swift */; };
		732A28A22B7F7C140052DEFD /* WebviewViewControllerSpy.swift in Sources */ = {isa = PBXBuildFile; fileRef = 732A28A12B7F7C140052DEFD /* WebviewViewControllerSpy.swift */; };
		732A28A42B7FBB150052DEFD /* ProfileViewPresenter.swift in Sources */ = {isa = PBXBuildFile; fileRef = 732A28A32B7FBB150052DEFD /* ProfileViewPresenter.swift */; };
		732A28A62B8263880052DEFD /* ImageListViewPresenter.swift in Sources */ = {isa = PBXBuildFile; fileRef = 732A28A52B8263880052DEFD /* ImageListViewPresenter.swift */; };
		7330B6F42B3DBC3900D88C05 /* AuthConfiguration.swift in Sources */ = {isa = PBXBuildFile; fileRef = 7330B6F32B3DBC3800D88C05 /* AuthConfiguration.swift */; };
		7330B6F82B3DC56600D88C05 /* AuthViewController.swift in Sources */ = {isa = PBXBuildFile; fileRef = 7330B6F72B3DC56600D88C05 /* AuthViewController.swift */; };
		7330B6FA2B3DDBC600D88C05 /* WebViewViewController.swift in Sources */ = {isa = PBXBuildFile; fileRef = 7330B6F92B3DDBC600D88C05 /* WebViewViewController.swift */; };
		733A93A52B5E6F63007105A2 /* Kingfisher in Frameworks */ = {isa = PBXBuildFile; productRef = 733A93A42B5E6F63007105A2 /* Kingfisher */; };
		733A93A82B5E7763007105A2 /* SwiftKeychainWrapper in Frameworks */ = {isa = PBXBuildFile; productRef = 733A93A72B5E7763007105A2 /* SwiftKeychainWrapper */; };
		733A93AB2B5E99F2007105A2 /* TabBarController.swift in Sources */ = {isa = PBXBuildFile; fileRef = 733A93AA2B5E99F2007105A2 /* TabBarController.swift */; };
		734433812B55C52E0081EFDB /* ProgressHUD in Frameworks */ = {isa = PBXBuildFile; productRef = 734433802B55C52E0081EFDB /* ProgressHUD */; };
		734433832B5686FD0081EFDB /* UIBlockingProgressHUD.swift in Sources */ = {isa = PBXBuildFile; fileRef = 734433822B5686FD0081EFDB /* UIBlockingProgressHUD.swift */; };
		734433852B5692750081EFDB /* ProfileService.swift in Sources */ = {isa = PBXBuildFile; fileRef = 734433842B5692750081EFDB /* ProfileService.swift */; };
		734433872B5920430081EFDB /* ProfileResult.swift in Sources */ = {isa = PBXBuildFile; fileRef = 734433862B5920430081EFDB /* ProfileResult.swift */; };
		734433892B59206B0081EFDB /* Profile.swift in Sources */ = {isa = PBXBuildFile; fileRef = 734433882B59206B0081EFDB /* Profile.swift */; };
		7344338F2B5BCC4B0081EFDB /* ProfileImageService.swift in Sources */ = {isa = PBXBuildFile; fileRef = 7344338E2B5BCC4B0081EFDB /* ProfileImageService.swift */; };
		734433912B5BCC840081EFDB /* UserResult.swift in Sources */ = {isa = PBXBuildFile; fileRef = 734433902B5BCC840081EFDB /* UserResult.swift */; };
		734433932B5D9D9C0081EFDB /* URLSessions+ObjectTask.swift in Sources */ = {isa = PBXBuildFile; fileRef = 734433922B5D9D9C0081EFDB /* URLSessions+ObjectTask.swift */; };
		734433972B5DAE260081EFDB /* AlertPresenter.swift in Sources */ = {isa = PBXBuildFile; fileRef = 734433962B5DAE260081EFDB /* AlertPresenter.swift */; };
		736E793D2B32E2D200DFC9B5 /* ProfileViewController.swift in Sources */ = {isa = PBXBuildFile; fileRef = 736E793C2B32E2D200DFC9B5 /* ProfileViewController.swift */; };
		736E79412B32F83500DFC9B5 /* SingleViewImageController.swift in Sources */ = {isa = PBXBuildFile; fileRef = 736E79402B32F83500DFC9B5 /* SingleViewImageController.swift */; };
		7382D3D22B42E73300D6CC0F /* OAuth2Service.swift in Sources */ = {isa = PBXBuildFile; fileRef = 7382D3D12B42E73300D6CC0F /* OAuth2Service.swift */; };
		7382D3D52B42E7D200D6CC0F /* URLSession+makeHTTP.swift in Sources */ = {isa = PBXBuildFile; fileRef = 7382D3D42B42E7D200D6CC0F /* URLSession+makeHTTP.swift */; };
		7382D3D72B42E90200D6CC0F /* OAuthTokenResponseBody.swift in Sources */ = {isa = PBXBuildFile; fileRef = 7382D3D62B42E90200D6CC0F /* OAuthTokenResponseBody.swift */; };
		7382D3D92B42E9FC00D6CC0F /* URLSession+Data.swift in Sources */ = {isa = PBXBuildFile; fileRef = 7382D3D82B42E9FC00D6CC0F /* URLSession+Data.swift */; };
		7382D3DB2B42EA3C00D6CC0F /* NetworkErrors.swift in Sources */ = {isa = PBXBuildFile; fileRef = 7382D3DA2B42EA3C00D6CC0F /* NetworkErrors.swift */; };
		7382D3DD2B42EA9800D6CC0F /* OAuth2TokenStorage.swift in Sources */ = {isa = PBXBuildFile; fileRef = 7382D3DC2B42EA9800D6CC0F /* OAuth2TokenStorage.swift */; };
		7382D3DF2B432DA100D6CC0F /* SplashViewController.swift in Sources */ = {isa = PBXBuildFile; fileRef = 7382D3DE2B432DA100D6CC0F /* SplashViewController.swift */; };
		73F043C22B70C5670069B184 /* Photo.swift in Sources */ = {isa = PBXBuildFile; fileRef = 73F043C12B70C5670069B184 /* Photo.swift */; };
		73F043C42B70C5E40069B184 /* ImageListService.swift in Sources */ = {isa = PBXBuildFile; fileRef = 73F043C32B70C5E40069B184 /* ImageListService.swift */; };
		73F043C62B70D0480069B184 /* PhotoResult.swift in Sources */ = {isa = PBXBuildFile; fileRef = 73F043C52B70D0480069B184 /* PhotoResult.swift */; };
/* End PBXBuildFile section */

/* Begin PBXContainerItemProxy section */
		732769E32B7218CE003D6B9D /* PBXContainerItemProxy */ = {
			isa = PBXContainerItemProxy;
			containerPortal = 731402932B1DC6C400FDBD5F /* Project object */;
			proxyType = 1;
			remoteGlobalIDString = 7314029A2B1DC6C400FDBD5F;
			remoteInfo = ImageFeed;
		};
		732A289A2B7F750B0052DEFD /* PBXContainerItemProxy */ = {
			isa = PBXContainerItemProxy;
			containerPortal = 731402932B1DC6C400FDBD5F /* Project object */;
			proxyType = 1;
			remoteGlobalIDString = 7314029A2B1DC6C400FDBD5F;
			remoteInfo = ImageFeed;
		};
/* End PBXContainerItemProxy section */

/* Begin PBXFileReference section */
		7314029B2B1DC6C400FDBD5F /* ImageFeed.app */ = {isa = PBXFileReference; explicitFileType = wrapper.application; includeInIndex = 0; path = ImageFeed.app; sourceTree = BUILT_PRODUCTS_DIR; };
		7314029E2B1DC6C400FDBD5F /* AppDelegate.swift */ = {isa = PBXFileReference; lastKnownFileType = sourcecode.swift; path = AppDelegate.swift; sourceTree = "<group>"; };
		731402A02B1DC6C400FDBD5F /* SceneDelegate.swift */ = {isa = PBXFileReference; lastKnownFileType = sourcecode.swift; path = SceneDelegate.swift; sourceTree = "<group>"; };
		731402A22B1DC6C400FDBD5F /* ImagesListViewController.swift */ = {isa = PBXFileReference; lastKnownFileType = sourcecode.swift; path = ImagesListViewController.swift; sourceTree = "<group>"; };
		731402A52B1DC6C400FDBD5F /* Base */ = {isa = PBXFileReference; lastKnownFileType = file.storyboard; name = Base; path = Base.lproj/Main.storyboard; sourceTree = "<group>"; };
		731402A72B1DC6C500FDBD5F /* Assets.xcassets */ = {isa = PBXFileReference; lastKnownFileType = folder.assetcatalog; path = Assets.xcassets; sourceTree = "<group>"; };
		731402AA2B1DC6C500FDBD5F /* Base */ = {isa = PBXFileReference; lastKnownFileType = file.storyboard; name = Base; path = Base.lproj/LaunchScreen.storyboard; sourceTree = "<group>"; };
		731402AC2B1DC6C500FDBD5F /* Info.plist */ = {isa = PBXFileReference; lastKnownFileType = text.plist.xml; path = Info.plist; sourceTree = "<group>"; };
		731402B22B1DD47100FDBD5F /* ImagesListCell.swift */ = {isa = PBXFileReference; lastKnownFileType = sourcecode.swift; path = ImagesListCell.swift; sourceTree = "<group>"; };
		732769DF2B7218CE003D6B9D /* ImageFeedTests.xctest */ = {isa = PBXFileReference; explicitFileType = wrapper.cfbundle; includeInIndex = 0; path = ImageFeedTests.xctest; sourceTree = BUILT_PRODUCTS_DIR; };
		732769E12B7218CE003D6B9D /* ImageListServiceTests.swift */ = {isa = PBXFileReference; lastKnownFileType = sourcecode.swift; path = ImageListServiceTests.swift; sourceTree = "<group>"; };
		732A288E2B7F4BE30052DEFD /* WebViewPresenter.swift */ = {isa = PBXFileReference; lastKnownFileType = sourcecode.swift; path = WebViewPresenter.swift; sourceTree = "<group>"; };
		732A28902B7F5DB70052DEFD /* AuthHelper.swift */ = {isa = PBXFileReference; lastKnownFileType = sourcecode.swift; path = AuthHelper.swift; sourceTree = "<group>"; };
		732A28962B7F750B0052DEFD /* ImageFeedTests_sprint_13.xctest */ = {isa = PBXFileReference; explicitFileType = wrapper.cfbundle; includeInIndex = 0; path = ImageFeedTests_sprint_13.xctest; sourceTree = BUILT_PRODUCTS_DIR; };
		732A28982B7F750B0052DEFD /* ImageFeedTests_sprint_13.swift */ = {isa = PBXFileReference; lastKnownFileType = sourcecode.swift; path = ImageFeedTests_sprint_13.swift; sourceTree = "<group>"; };
		732A289F2B7F767E0052DEFD /* WebViewPresenterSpy.swift */ = {isa = PBXFileReference; lastKnownFileType = sourcecode.swift; path = WebViewPresenterSpy.swift; sourceTree = "<group>"; };
		732A28A12B7F7C140052DEFD /* WebviewViewControllerSpy.swift */ = {isa = PBXFileReference; lastKnownFileType = sourcecode.swift; path = WebviewViewControllerSpy.swift; sourceTree = "<group>"; };
		732A28A32B7FBB150052DEFD /* ProfileViewPresenter.swift */ = {isa = PBXFileReference; lastKnownFileType = sourcecode.swift; path = ProfileViewPresenter.swift; sourceTree = "<group>"; };
		732A28A52B8263880052DEFD /* ImageListViewPresenter.swift */ = {isa = PBXFileReference; lastKnownFileType = sourcecode.swift; path = ImageListViewPresenter.swift; sourceTree = "<group>"; };
		7330B6F32B3DBC3800D88C05 /* AuthConfiguration.swift */ = {isa = PBXFileReference; lastKnownFileType = sourcecode.swift; path = AuthConfiguration.swift; sourceTree = "<group>"; };
		7330B6F72B3DC56600D88C05 /* AuthViewController.swift */ = {isa = PBXFileReference; lastKnownFileType = sourcecode.swift; path = AuthViewController.swift; sourceTree = "<group>"; };
		7330B6F92B3DDBC600D88C05 /* WebViewViewController.swift */ = {isa = PBXFileReference; lastKnownFileType = sourcecode.swift; path = WebViewViewController.swift; sourceTree = "<group>"; };
		733A93AA2B5E99F2007105A2 /* TabBarController.swift */ = {isa = PBXFileReference; lastKnownFileType = sourcecode.swift; path = TabBarController.swift; sourceTree = "<group>"; };
		734433822B5686FD0081EFDB /* UIBlockingProgressHUD.swift */ = {isa = PBXFileReference; lastKnownFileType = sourcecode.swift; path = UIBlockingProgressHUD.swift; sourceTree = "<group>"; };
		734433842B5692750081EFDB /* ProfileService.swift */ = {isa = PBXFileReference; lastKnownFileType = sourcecode.swift; path = ProfileService.swift; sourceTree = "<group>"; };
		734433862B5920430081EFDB /* ProfileResult.swift */ = {isa = PBXFileReference; lastKnownFileType = sourcecode.swift; path = ProfileResult.swift; sourceTree = "<group>"; };
		734433882B59206B0081EFDB /* Profile.swift */ = {isa = PBXFileReference; lastKnownFileType = sourcecode.swift; path = Profile.swift; sourceTree = "<group>"; };
		7344338E2B5BCC4B0081EFDB /* ProfileImageService.swift */ = {isa = PBXFileReference; lastKnownFileType = sourcecode.swift; path = ProfileImageService.swift; sourceTree = "<group>"; };
		734433902B5BCC840081EFDB /* UserResult.swift */ = {isa = PBXFileReference; lastKnownFileType = sourcecode.swift; path = UserResult.swift; sourceTree = "<group>"; };
		734433922B5D9D9C0081EFDB /* URLSessions+ObjectTask.swift */ = {isa = PBXFileReference; lastKnownFileType = sourcecode.swift; path = "URLSessions+ObjectTask.swift"; sourceTree = "<group>"; };
		734433962B5DAE260081EFDB /* AlertPresenter.swift */ = {isa = PBXFileReference; lastKnownFileType = sourcecode.swift; path = AlertPresenter.swift; sourceTree = "<group>"; };
		736E793C2B32E2D200DFC9B5 /* ProfileViewController.swift */ = {isa = PBXFileReference; lastKnownFileType = sourcecode.swift; path = ProfileViewController.swift; sourceTree = "<group>"; };
		736E79402B32F83500DFC9B5 /* SingleViewImageController.swift */ = {isa = PBXFileReference; lastKnownFileType = sourcecode.swift; path = SingleViewImageController.swift; sourceTree = "<group>"; };
		7382D3D12B42E73300D6CC0F /* OAuth2Service.swift */ = {isa = PBXFileReference; lastKnownFileType = sourcecode.swift; path = OAuth2Service.swift; sourceTree = "<group>"; };
		7382D3D42B42E7D200D6CC0F /* URLSession+makeHTTP.swift */ = {isa = PBXFileReference; lastKnownFileType = sourcecode.swift; path = "URLSession+makeHTTP.swift"; sourceTree = "<group>"; };
		7382D3D62B42E90200D6CC0F /* OAuthTokenResponseBody.swift */ = {isa = PBXFileReference; lastKnownFileType = sourcecode.swift; path = OAuthTokenResponseBody.swift; sourceTree = "<group>"; };
		7382D3D82B42E9FC00D6CC0F /* URLSession+Data.swift */ = {isa = PBXFileReference; lastKnownFileType = sourcecode.swift; path = "URLSession+Data.swift"; sourceTree = "<group>"; };
		7382D3DA2B42EA3C00D6CC0F /* NetworkErrors.swift */ = {isa = PBXFileReference; lastKnownFileType = sourcecode.swift; path = NetworkErrors.swift; sourceTree = "<group>"; };
		7382D3DC2B42EA9800D6CC0F /* OAuth2TokenStorage.swift */ = {isa = PBXFileReference; lastKnownFileType = sourcecode.swift; path = OAuth2TokenStorage.swift; sourceTree = "<group>"; };
		7382D3DE2B432DA100D6CC0F /* SplashViewController.swift */ = {isa = PBXFileReference; lastKnownFileType = sourcecode.swift; path = SplashViewController.swift; sourceTree = "<group>"; };
		73F043C12B70C5670069B184 /* Photo.swift */ = {isa = PBXFileReference; lastKnownFileType = sourcecode.swift; path = Photo.swift; sourceTree = "<group>"; };
		73F043C32B70C5E40069B184 /* ImageListService.swift */ = {isa = PBXFileReference; lastKnownFileType = sourcecode.swift; path = ImageListService.swift; sourceTree = "<group>"; };
		73F043C52B70D0480069B184 /* PhotoResult.swift */ = {isa = PBXFileReference; lastKnownFileType = sourcecode.swift; path = PhotoResult.swift; sourceTree = "<group>"; };
/* End PBXFileReference section */

/* Begin PBXFrameworksBuildPhase section */
		731402982B1DC6C400FDBD5F /* Frameworks */ = {
			isa = PBXFrameworksBuildPhase;
			buildActionMask = 2147483647;
			files = (
				733A93A52B5E6F63007105A2 /* Kingfisher in Frameworks */,
				734433812B55C52E0081EFDB /* ProgressHUD in Frameworks */,
				733A93A82B5E7763007105A2 /* SwiftKeychainWrapper in Frameworks */,
			);
			runOnlyForDeploymentPostprocessing = 0;
		};
		732769DC2B7218CE003D6B9D /* Frameworks */ = {
			isa = PBXFrameworksBuildPhase;
			buildActionMask = 2147483647;
			files = (
			);
			runOnlyForDeploymentPostprocessing = 0;
		};
		732A28932B7F750B0052DEFD /* Frameworks */ = {
			isa = PBXFrameworksBuildPhase;
			buildActionMask = 2147483647;
			files = (
			);
			runOnlyForDeploymentPostprocessing = 0;
		};
/* End PBXFrameworksBuildPhase section */

/* Begin PBXGroup section */
		731402922B1DC6C400FDBD5F = {
			isa = PBXGroup;
			children = (
				7314029D2B1DC6C400FDBD5F /* ImageFeed */,
				732769E02B7218CE003D6B9D /* ImageFeedTests */,
				732A28972B7F750B0052DEFD /* ImageFeedTests_sprint_13 */,
				7314029C2B1DC6C400FDBD5F /* Products */,
			);
			sourceTree = "<group>";
		};
		7314029C2B1DC6C400FDBD5F /* Products */ = {
			isa = PBXGroup;
			children = (
				7314029B2B1DC6C400FDBD5F /* ImageFeed.app */,
				732769DF2B7218CE003D6B9D /* ImageFeedTests.xctest */,
				732A28962B7F750B0052DEFD /* ImageFeedTests_sprint_13.xctest */,
			);
			name = Products;
			sourceTree = "<group>";
		};
		7314029D2B1DC6C400FDBD5F /* ImageFeed */ = {
			isa = PBXGroup;
			children = (
				7382D3CF2B42E5BE00D6CC0F /* Models */,
				7382D3CE2B42E3AB00D6CC0F /* Presentations */,
				731402B72B1E4DB800FDBD5F /* Services */,
				731402B62B1E4DA400FDBD5F /* Storyboard */,
			);
			path = ImageFeed;
			sourceTree = "<group>";
		};
		731402B42B1DDA6400FDBD5F /* ImagesList */ = {
			isa = PBXGroup;
			children = (
				731402A22B1DC6C400FDBD5F /* ImagesListViewController.swift */,
				732A28A52B8263880052DEFD /* ImageListViewPresenter.swift */,
				731402B22B1DD47100FDBD5F /* ImagesListCell.swift */,
			);
			path = ImagesList;
			sourceTree = "<group>";
		};
		731402B62B1E4DA400FDBD5F /* Storyboard */ = {
			isa = PBXGroup;
			children = (
				731402A42B1DC6C400FDBD5F /* Main.storyboard */,
				731402A92B1DC6C500FDBD5F /* LaunchScreen.storyboard */,
			);
			path = Storyboard;
			sourceTree = "<group>";
		};
		731402B72B1E4DB800FDBD5F /* Services */ = {
			isa = PBXGroup;
			children = (
				73F043BF2B70C4860069B184 /* ImageListService */,
				733A93AE2B627236007105A2 /* Others */,
				733A93AD2B62720C007105A2 /* Authentification */,
				734433952B5DAE130081EFDB /* AlertPresenter */,
				7382D3D32B42E7C100D6CC0F /* Extensions */,
				731402A72B1DC6C500FDBD5F /* Assets.xcassets */,
				731402AC2B1DC6C500FDBD5F /* Info.plist */,
			);
			path = Services;
			sourceTree = "<group>";
		};
		732769E02B7218CE003D6B9D /* ImageFeedTests */ = {
			isa = PBXGroup;
			children = (
				732769E12B7218CE003D6B9D /* ImageListServiceTests.swift */,
			);
			path = ImageFeedTests;
			sourceTree = "<group>";
		};
		732A28972B7F750B0052DEFD /* ImageFeedTests_sprint_13 */ = {
			isa = PBXGroup;
			children = (
				732A28982B7F750B0052DEFD /* ImageFeedTests_sprint_13.swift */,
				732A289F2B7F767E0052DEFD /* WebViewPresenterSpy.swift */,
				732A28A12B7F7C140052DEFD /* WebviewViewControllerSpy.swift */,
			);
			path = ImageFeedTests_sprint_13;
			sourceTree = "<group>";
		};
		7330B6F62B3DC54100D88C05 /* Authentification */ = {
			isa = PBXGroup;
			children = (
				7330B6F72B3DC56600D88C05 /* AuthViewController.swift */,
				7330B6F92B3DDBC600D88C05 /* WebViewViewController.swift */,
				732A288E2B7F4BE30052DEFD /* WebViewPresenter.swift */,
				732A28902B7F5DB70052DEFD /* AuthHelper.swift */,
			);
			path = Authentification;
			sourceTree = "<group>";
		};
		733A93A92B5E99E0007105A2 /* TabBarController */ = {
			isa = PBXGroup;
			children = (
				733A93AA2B5E99F2007105A2 /* TabBarController.swift */,
			);
			path = TabBarController;
			sourceTree = "<group>";
		};
		733A93AD2B62720C007105A2 /* Authentification */ = {
			isa = PBXGroup;
			children = (
				7382D3D12B42E73300D6CC0F /* OAuth2Service.swift */,
				7382D3DC2B42EA9800D6CC0F /* OAuth2TokenStorage.swift */,
				7344338E2B5BCC4B0081EFDB /* ProfileImageService.swift */,
				734433842B5692750081EFDB /* ProfileService.swift */,
			);
			path = Authentification;
			sourceTree = "<group>";
		};
		733A93AE2B627236007105A2 /* Others */ = {
			isa = PBXGroup;
			children = (
				7314029E2B1DC6C400FDBD5F /* AppDelegate.swift */,
				7330B6F32B3DBC3800D88C05 /* AuthConfiguration.swift */,
				734433822B5686FD0081EFDB /* UIBlockingProgressHUD.swift */,
				731402A02B1DC6C400FDBD5F /* SceneDelegate.swift */,
			);
			path = Others;
			sourceTree = "<group>";
		};
		7344338A2B5920860081EFDB /* Profile */ = {
			isa = PBXGroup;
			children = (
				7344338D2B5BCC1B0081EFDB /* ProfileImage */,
				7344338C2B5BCBFD0081EFDB /* ProfileData */,
			);
			path = Profile;
			sourceTree = "<group>";
		};
		7344338B2B5924400081EFDB /* Authentification */ = {
			isa = PBXGroup;
			children = (
				7382D3DA2B42EA3C00D6CC0F /* NetworkErrors.swift */,
				7382D3D62B42E90200D6CC0F /* OAuthTokenResponseBody.swift */,
			);
			path = Authentification;
			sourceTree = "<group>";
		};
		7344338C2B5BCBFD0081EFDB /* ProfileData */ = {
			isa = PBXGroup;
			children = (
				734433862B5920430081EFDB /* ProfileResult.swift */,
				734433882B59206B0081EFDB /* Profile.swift */,
			);
			path = ProfileData;
			sourceTree = "<group>";
		};
		7344338D2B5BCC1B0081EFDB /* ProfileImage */ = {
			isa = PBXGroup;
			children = (
				734433902B5BCC840081EFDB /* UserResult.swift */,
			);
			path = ProfileImage;
			sourceTree = "<group>";
		};
		734433942B5D9DC00081EFDB /* URLSessions */ = {
			isa = PBXGroup;
			children = (
				734433922B5D9D9C0081EFDB /* URLSessions+ObjectTask.swift */,
				7382D3D82B42E9FC00D6CC0F /* URLSession+Data.swift */,
				7382D3D42B42E7D200D6CC0F /* URLSession+makeHTTP.swift */,
			);
			path = URLSessions;
			sourceTree = "<group>";
		};
		734433952B5DAE130081EFDB /* AlertPresenter */ = {
			isa = PBXGroup;
			children = (
				734433962B5DAE260081EFDB /* AlertPresenter.swift */,
			);
			path = AlertPresenter;
			sourceTree = "<group>";
		};
		736E793B2B32E2B300DFC9B5 /* ProfileView */ = {
			isa = PBXGroup;
			children = (
				736E793C2B32E2D200DFC9B5 /* ProfileViewController.swift */,
				732A28A32B7FBB150052DEFD /* ProfileViewPresenter.swift */,
			);
			path = ProfileView;
			sourceTree = "<group>";
		};
		736E793F2B32F80900DFC9B5 /* SingleView */ = {
			isa = PBXGroup;
			children = (
				736E79402B32F83500DFC9B5 /* SingleViewImageController.swift */,
			);
			path = SingleView;
			sourceTree = "<group>";
		};
		7382D3CE2B42E3AB00D6CC0F /* Presentations */ = {
			isa = PBXGroup;
			children = (
				733A93A92B5E99E0007105A2 /* TabBarController */,
				736E793F2B32F80900DFC9B5 /* SingleView */,
				731402B42B1DDA6400FDBD5F /* ImagesList */,
				736E793B2B32E2B300DFC9B5 /* ProfileView */,
				7330B6F62B3DC54100D88C05 /* Authentification */,
				7382D3DE2B432DA100D6CC0F /* SplashViewController.swift */,
			);
			path = Presentations;
			sourceTree = "<group>";
		};
		7382D3CF2B42E5BE00D6CC0F /* Models */ = {
			isa = PBXGroup;
			children = (
				73F043C02B70C5550069B184 /* ImageList */,
				7344338B2B5924400081EFDB /* Authentification */,
				7344338A2B5920860081EFDB /* Profile */,
			);
			path = Models;
			sourceTree = "<group>";
		};
		7382D3D32B42E7C100D6CC0F /* Extensions */ = {
			isa = PBXGroup;
			children = (
				734433942B5D9DC00081EFDB /* URLSessions */,
			);
			path = Extensions;
			sourceTree = "<group>";
		};
		73F043BF2B70C4860069B184 /* ImageListService */ = {
			isa = PBXGroup;
			children = (
				73F043C32B70C5E40069B184 /* ImageListService.swift */,
			);
			path = ImageListService;
			sourceTree = "<group>";
		};
		73F043C02B70C5550069B184 /* ImageList */ = {
			isa = PBXGroup;
			children = (
				73F043C12B70C5670069B184 /* Photo.swift */,
				73F043C52B70D0480069B184 /* PhotoResult.swift */,
			);
			path = ImageList;
			sourceTree = "<group>";
		};
/* End PBXGroup section */

/* Begin PBXNativeTarget section */
		7314029A2B1DC6C400FDBD5F /* ImageFeed */ = {
			isa = PBXNativeTarget;
			buildConfigurationList = 731402AF2B1DC6C500FDBD5F /* Build configuration list for PBXNativeTarget "ImageFeed" */;
			buildPhases = (
				731402972B1DC6C400FDBD5F /* Sources */,
				731402982B1DC6C400FDBD5F /* Frameworks */,
				731402992B1DC6C400FDBD5F /* Resources */,
			);
			buildRules = (
			);
			dependencies = (
			);
			name = ImageFeed;
			packageProductDependencies = (
				734433802B55C52E0081EFDB /* ProgressHUD */,
				733A93A42B5E6F63007105A2 /* Kingfisher */,
				733A93A72B5E7763007105A2 /* SwiftKeychainWrapper */,
			);
			productName = ImageFeed_test_2;
			productReference = 7314029B2B1DC6C400FDBD5F /* ImageFeed.app */;
			productType = "com.apple.product-type.application";
		};
		732769DE2B7218CE003D6B9D /* ImageFeedTests */ = {
			isa = PBXNativeTarget;
			buildConfigurationList = 732769E72B7218CE003D6B9D /* Build configuration list for PBXNativeTarget "ImageFeedTests" */;
			buildPhases = (
				732769DB2B7218CE003D6B9D /* Sources */,
				732769DC2B7218CE003D6B9D /* Frameworks */,
				732769DD2B7218CE003D6B9D /* Resources */,
			);
			buildRules = (
			);
			dependencies = (
				732769E42B7218CE003D6B9D /* PBXTargetDependency */,
			);
			name = ImageFeedTests;
			productName = ImageFeedTests;
			productReference = 732769DF2B7218CE003D6B9D /* ImageFeedTests.xctest */;
			productType = "com.apple.product-type.bundle.unit-test";
		};
		732A28952B7F750B0052DEFD /* ImageFeedTests_sprint_13 */ = {
			isa = PBXNativeTarget;
			buildConfigurationList = 732A289C2B7F750B0052DEFD /* Build configuration list for PBXNativeTarget "ImageFeedTests_sprint_13" */;
			buildPhases = (
				732A28922B7F750B0052DEFD /* Sources */,
				732A28932B7F750B0052DEFD /* Frameworks */,
				732A28942B7F750B0052DEFD /* Resources */,
			);
			buildRules = (
			);
			dependencies = (
				732A289B2B7F750B0052DEFD /* PBXTargetDependency */,
			);
			name = ImageFeedTests_sprint_13;
			productName = ImageFeedTests_sprint_13;
			productReference = 732A28962B7F750B0052DEFD /* ImageFeedTests_sprint_13.xctest */;
			productType = "com.apple.product-type.bundle.unit-test";
		};
/* End PBXNativeTarget section */

/* Begin PBXProject section */
		731402932B1DC6C400FDBD5F /* Project object */ = {
			isa = PBXProject;
			attributes = {
				BuildIndependentTargetsInParallel = 1;
				LastSwiftUpdateCheck = 1520;
				LastUpgradeCheck = 1500;
				TargetAttributes = {
					7314029A2B1DC6C400FDBD5F = {
						CreatedOnToolsVersion = 15.0.1;
					};
					732769DE2B7218CE003D6B9D = {
						CreatedOnToolsVersion = 15.2;
						TestTargetID = 7314029A2B1DC6C400FDBD5F;
					};
					732A28952B7F750B0052DEFD = {
						CreatedOnToolsVersion = 15.2;
						TestTargetID = 7314029A2B1DC6C400FDBD5F;
					};
				};
			};
			buildConfigurationList = 731402962B1DC6C400FDBD5F /* Build configuration list for PBXProject "ImageFeed" */;
			compatibilityVersion = "Xcode 14.0";
			developmentRegion = en;
			hasScannedForEncodings = 0;
			knownRegions = (
				en,
				Base,
			);
			mainGroup = 731402922B1DC6C400FDBD5F;
			packageReferences = (
				7344337F2B55C52E0081EFDB /* XCRemoteSwiftPackageReference "ProgressHUD" */,
				733A93A32B5E6F63007105A2 /* XCRemoteSwiftPackageReference "Kingfisher" */,
				733A93A62B5E7763007105A2 /* XCRemoteSwiftPackageReference "SwiftKeychainWrapper" */,
			);
			productRefGroup = 7314029C2B1DC6C400FDBD5F /* Products */;
			projectDirPath = "";
			projectRoot = "";
			targets = (
				7314029A2B1DC6C400FDBD5F /* ImageFeed */,
				732769DE2B7218CE003D6B9D /* ImageFeedTests */,
				732A28952B7F750B0052DEFD /* ImageFeedTests_sprint_13 */,
			);
		};
/* End PBXProject section */

/* Begin PBXResourcesBuildPhase section */
		731402992B1DC6C400FDBD5F /* Resources */ = {
			isa = PBXResourcesBuildPhase;
			buildActionMask = 2147483647;
			files = (
				731402AB2B1DC6C500FDBD5F /* LaunchScreen.storyboard in Resources */,
				731402A82B1DC6C500FDBD5F /* Assets.xcassets in Resources */,
				731402A62B1DC6C400FDBD5F /* Main.storyboard in Resources */,
			);
			runOnlyForDeploymentPostprocessing = 0;
		};
		732769DD2B7218CE003D6B9D /* Resources */ = {
			isa = PBXResourcesBuildPhase;
			buildActionMask = 2147483647;
			files = (
			);
			runOnlyForDeploymentPostprocessing = 0;
		};
		732A28942B7F750B0052DEFD /* Resources */ = {
			isa = PBXResourcesBuildPhase;
			buildActionMask = 2147483647;
			files = (
			);
			runOnlyForDeploymentPostprocessing = 0;
		};
/* End PBXResourcesBuildPhase section */

/* Begin PBXSourcesBuildPhase section */
		731402972B1DC6C400FDBD5F /* Sources */ = {
			isa = PBXSourcesBuildPhase;
			buildActionMask = 2147483647;
			files = (
				736E79412B32F83500DFC9B5 /* SingleViewImageController.swift in Sources */,
				734433892B59206B0081EFDB /* Profile.swift in Sources */,
				731402A32B1DC6C400FDBD5F /* ImagesListViewController.swift in Sources */,
				734433872B5920430081EFDB /* ProfileResult.swift in Sources */,
				7382D3D92B42E9FC00D6CC0F /* URLSession+Data.swift in Sources */,
				7382D3DB2B42EA3C00D6CC0F /* NetworkErrors.swift in Sources */,
				73F043C22B70C5670069B184 /* Photo.swift in Sources */,
				732A28A42B7FBB150052DEFD /* ProfileViewPresenter.swift in Sources */,
				7382D3D72B42E90200D6CC0F /* OAuthTokenResponseBody.swift in Sources */,
				732A28A62B8263880052DEFD /* ImageListViewPresenter.swift in Sources */,
				731402B32B1DD47100FDBD5F /* ImagesListCell.swift in Sources */,
				73F043C62B70D0480069B184 /* PhotoResult.swift in Sources */,
				736E793D2B32E2D200DFC9B5 /* ProfileViewController.swift in Sources */,
				7330B6F82B3DC56600D88C05 /* AuthViewController.swift in Sources */,
				7330B6F42B3DBC3900D88C05 /* AuthConfiguration.swift in Sources */,
				734433912B5BCC840081EFDB /* UserResult.swift in Sources */,
				7314029F2B1DC6C400FDBD5F /* AppDelegate.swift in Sources */,
				7382D3D52B42E7D200D6CC0F /* URLSession+makeHTTP.swift in Sources */,
				734433852B5692750081EFDB /* ProfileService.swift in Sources */,
				732A28912B7F5DB70052DEFD /* AuthHelper.swift in Sources */,
				7382D3D22B42E73300D6CC0F /* OAuth2Service.swift in Sources */,
				7344338F2B5BCC4B0081EFDB /* ProfileImageService.swift in Sources */,
				7382D3DD2B42EA9800D6CC0F /* OAuth2TokenStorage.swift in Sources */,
				733A93AB2B5E99F2007105A2 /* TabBarController.swift in Sources */,
				7330B6FA2B3DDBC600D88C05 /* WebViewViewController.swift in Sources */,
				732A288F2B7F4BE30052DEFD /* WebViewPresenter.swift in Sources */,
				731402A12B1DC6C400FDBD5F /* SceneDelegate.swift in Sources */,
				7382D3DF2B432DA100D6CC0F /* SplashViewController.swift in Sources */,
				73F043C42B70C5E40069B184 /* ImageListService.swift in Sources */,
				734433932B5D9D9C0081EFDB /* URLSessions+ObjectTask.swift in Sources */,
				734433832B5686FD0081EFDB /* UIBlockingProgressHUD.swift in Sources */,
				734433972B5DAE260081EFDB /* AlertPresenter.swift in Sources */,
			);
			runOnlyForDeploymentPostprocessing = 0;
		};
		732769DB2B7218CE003D6B9D /* Sources */ = {
			isa = PBXSourcesBuildPhase;
			buildActionMask = 2147483647;
			files = (
				732769E22B7218CE003D6B9D /* ImageListServiceTests.swift in Sources */,
			);
			runOnlyForDeploymentPostprocessing = 0;
		};
		732A28922B7F750B0052DEFD /* Sources */ = {
			isa = PBXSourcesBuildPhase;
			buildActionMask = 2147483647;
			files = (
				732A28A22B7F7C140052DEFD /* WebviewViewControllerSpy.swift in Sources */,
				732A28992B7F750B0052DEFD /* ImageFeedTests_sprint_13.swift in Sources */,
				732A28A02B7F767E0052DEFD /* WebViewPresenterSpy.swift in Sources */,
			);
			runOnlyForDeploymentPostprocessing = 0;
		};
/* End PBXSourcesBuildPhase section */

/* Begin PBXTargetDependency section */
		732769E42B7218CE003D6B9D /* PBXTargetDependency */ = {
			isa = PBXTargetDependency;
			target = 7314029A2B1DC6C400FDBD5F /* ImageFeed */;
			targetProxy = 732769E32B7218CE003D6B9D /* PBXContainerItemProxy */;
		};
		732A289B2B7F750B0052DEFD /* PBXTargetDependency */ = {
			isa = PBXTargetDependency;
			target = 7314029A2B1DC6C400FDBD5F /* ImageFeed */;
			targetProxy = 732A289A2B7F750B0052DEFD /* PBXContainerItemProxy */;
		};
/* End PBXTargetDependency section */

/* Begin PBXVariantGroup section */
		731402A42B1DC6C400FDBD5F /* Main.storyboard */ = {
			isa = PBXVariantGroup;
			children = (
				731402A52B1DC6C400FDBD5F /* Base */,
			);
			name = Main.storyboard;
			sourceTree = "<group>";
		};
		731402A92B1DC6C500FDBD5F /* LaunchScreen.storyboard */ = {
			isa = PBXVariantGroup;
			children = (
				731402AA2B1DC6C500FDBD5F /* Base */,
			);
			name = LaunchScreen.storyboard;
			sourceTree = "<group>";
		};
/* End PBXVariantGroup section */

/* Begin XCBuildConfiguration section */
		731402AD2B1DC6C500FDBD5F /* Debug */ = {
			isa = XCBuildConfiguration;
			buildSettings = {
				ALWAYS_SEARCH_USER_PATHS = NO;
				ASSETCATALOG_COMPILER_GENERATE_SWIFT_ASSET_SYMBOL_EXTENSIONS = YES;
				CLANG_ANALYZER_NONNULL = YES;
				CLANG_ANALYZER_NUMBER_OBJECT_CONVERSION = YES_AGGRESSIVE;
				CLANG_CXX_LANGUAGE_STANDARD = "gnu++20";
				CLANG_ENABLE_MODULES = YES;
				CLANG_ENABLE_OBJC_ARC = YES;
				CLANG_ENABLE_OBJC_WEAK = YES;
				CLANG_WARN_BLOCK_CAPTURE_AUTORELEASING = YES;
				CLANG_WARN_BOOL_CONVERSION = YES;
				CLANG_WARN_COMMA = YES;
				CLANG_WARN_CONSTANT_CONVERSION = YES;
				CLANG_WARN_DEPRECATED_OBJC_IMPLEMENTATIONS = YES;
				CLANG_WARN_DIRECT_OBJC_ISA_USAGE = YES_ERROR;
				CLANG_WARN_DOCUMENTATION_COMMENTS = YES;
				CLANG_WARN_EMPTY_BODY = YES;
				CLANG_WARN_ENUM_CONVERSION = YES;
				CLANG_WARN_INFINITE_RECURSION = YES;
				CLANG_WARN_INT_CONVERSION = YES;
				CLANG_WARN_NON_LITERAL_NULL_CONVERSION = YES;
				CLANG_WARN_OBJC_IMPLICIT_RETAIN_SELF = YES;
				CLANG_WARN_OBJC_LITERAL_CONVERSION = YES;
				CLANG_WARN_OBJC_ROOT_CLASS = YES_ERROR;
				CLANG_WARN_QUOTED_INCLUDE_IN_FRAMEWORK_HEADER = YES;
				CLANG_WARN_RANGE_LOOP_ANALYSIS = YES;
				CLANG_WARN_STRICT_PROTOTYPES = YES;
				CLANG_WARN_SUSPICIOUS_MOVE = YES;
				CLANG_WARN_UNGUARDED_AVAILABILITY = YES_AGGRESSIVE;
				CLANG_WARN_UNREACHABLE_CODE = YES;
				CLANG_WARN__DUPLICATE_METHOD_MATCH = YES;
				COPY_PHASE_STRIP = NO;
				DEBUG_INFORMATION_FORMAT = dwarf;
				ENABLE_STRICT_OBJC_MSGSEND = YES;
				ENABLE_TESTABILITY = YES;
				ENABLE_USER_SCRIPT_SANDBOXING = YES;
				GCC_C_LANGUAGE_STANDARD = gnu17;
				GCC_DYNAMIC_NO_PIC = NO;
				GCC_NO_COMMON_BLOCKS = YES;
				GCC_OPTIMIZATION_LEVEL = 0;
				GCC_PREPROCESSOR_DEFINITIONS = (
					"DEBUG=1",
					"$(inherited)",
				);
				GCC_WARN_64_TO_32_BIT_CONVERSION = YES;
				GCC_WARN_ABOUT_RETURN_TYPE = YES_ERROR;
				GCC_WARN_UNDECLARED_SELECTOR = YES;
				GCC_WARN_UNINITIALIZED_AUTOS = YES_AGGRESSIVE;
				GCC_WARN_UNUSED_FUNCTION = YES;
				GCC_WARN_UNUSED_VARIABLE = YES;
				IPHONEOS_DEPLOYMENT_TARGET = 17.0;
				LOCALIZATION_PREFERS_STRING_CATALOGS = YES;
				MTL_ENABLE_DEBUG_INFO = INCLUDE_SOURCE;
				MTL_FAST_MATH = YES;
				ONLY_ACTIVE_ARCH = YES;
				SDKROOT = iphoneos;
				SWIFT_ACTIVE_COMPILATION_CONDITIONS = "DEBUG $(inherited)";
				SWIFT_OPTIMIZATION_LEVEL = "-Onone";
			};
			name = Debug;
		};
		731402AE2B1DC6C500FDBD5F /* Release */ = {
			isa = XCBuildConfiguration;
			buildSettings = {
				ALWAYS_SEARCH_USER_PATHS = NO;
				ASSETCATALOG_COMPILER_GENERATE_SWIFT_ASSET_SYMBOL_EXTENSIONS = YES;
				CLANG_ANALYZER_NONNULL = YES;
				CLANG_ANALYZER_NUMBER_OBJECT_CONVERSION = YES_AGGRESSIVE;
				CLANG_CXX_LANGUAGE_STANDARD = "gnu++20";
				CLANG_ENABLE_MODULES = YES;
				CLANG_ENABLE_OBJC_ARC = YES;
				CLANG_ENABLE_OBJC_WEAK = YES;
				CLANG_WARN_BLOCK_CAPTURE_AUTORELEASING = YES;
				CLANG_WARN_BOOL_CONVERSION = YES;
				CLANG_WARN_COMMA = YES;
				CLANG_WARN_CONSTANT_CONVERSION = YES;
				CLANG_WARN_DEPRECATED_OBJC_IMPLEMENTATIONS = YES;
				CLANG_WARN_DIRECT_OBJC_ISA_USAGE = YES_ERROR;
				CLANG_WARN_DOCUMENTATION_COMMENTS = YES;
				CLANG_WARN_EMPTY_BODY = YES;
				CLANG_WARN_ENUM_CONVERSION = YES;
				CLANG_WARN_INFINITE_RECURSION = YES;
				CLANG_WARN_INT_CONVERSION = YES;
				CLANG_WARN_NON_LITERAL_NULL_CONVERSION = YES;
				CLANG_WARN_OBJC_IMPLICIT_RETAIN_SELF = YES;
				CLANG_WARN_OBJC_LITERAL_CONVERSION = YES;
				CLANG_WARN_OBJC_ROOT_CLASS = YES_ERROR;
				CLANG_WARN_QUOTED_INCLUDE_IN_FRAMEWORK_HEADER = YES;
				CLANG_WARN_RANGE_LOOP_ANALYSIS = YES;
				CLANG_WARN_STRICT_PROTOTYPES = YES;
				CLANG_WARN_SUSPICIOUS_MOVE = YES;
				CLANG_WARN_UNGUARDED_AVAILABILITY = YES_AGGRESSIVE;
				CLANG_WARN_UNREACHABLE_CODE = YES;
				CLANG_WARN__DUPLICATE_METHOD_MATCH = YES;
				COPY_PHASE_STRIP = NO;
				DEBUG_INFORMATION_FORMAT = "dwarf-with-dsym";
				ENABLE_NS_ASSERTIONS = NO;
				ENABLE_STRICT_OBJC_MSGSEND = YES;
				ENABLE_USER_SCRIPT_SANDBOXING = YES;
				GCC_C_LANGUAGE_STANDARD = gnu17;
				GCC_NO_COMMON_BLOCKS = YES;
				GCC_WARN_64_TO_32_BIT_CONVERSION = YES;
				GCC_WARN_ABOUT_RETURN_TYPE = YES_ERROR;
				GCC_WARN_UNDECLARED_SELECTOR = YES;
				GCC_WARN_UNINITIALIZED_AUTOS = YES_AGGRESSIVE;
				GCC_WARN_UNUSED_FUNCTION = YES;
				GCC_WARN_UNUSED_VARIABLE = YES;
				IPHONEOS_DEPLOYMENT_TARGET = 17.0;
				LOCALIZATION_PREFERS_STRING_CATALOGS = YES;
				MTL_ENABLE_DEBUG_INFO = NO;
				MTL_FAST_MATH = YES;
				SDKROOT = iphoneos;
				SWIFT_COMPILATION_MODE = wholemodule;
				VALIDATE_PRODUCT = YES;
			};
			name = Release;
		};
		731402B02B1DC6C500FDBD5F /* Debug */ = {
			isa = XCBuildConfiguration;
			buildSettings = {
				ASSETCATALOG_COMPILER_APPICON_NAME = AppIcon;
				ASSETCATALOG_COMPILER_GLOBAL_ACCENT_COLOR_NAME = AccentColor;
				CODE_SIGN_STYLE = Automatic;
				CURRENT_PROJECT_VERSION = 1;
				DEVELOPMENT_TEAM = 7W278NP9KT;
				GENERATE_INFOPLIST_FILE = YES;
				INFOPLIST_FILE = ImageFeed/Services/Info.plist;
				INFOPLIST_KEY_UIApplicationSupportsIndirectInputEvents = YES;
				INFOPLIST_KEY_UILaunchStoryboardName = LaunchScreen.storyboard;
				INFOPLIST_KEY_UIMainStoryboardFile = Main;
				INFOPLIST_KEY_UISupportedInterfaceOrientations = UIInterfaceOrientationPortrait;
				INFOPLIST_KEY_UISupportedInterfaceOrientations_iPad = "UIInterfaceOrientationLandscapeLeft UIInterfaceOrientationLandscapeRight UIInterfaceOrientationPortrait UIInterfaceOrientationPortraitUpsideDown";
				IPHONEOS_DEPLOYMENT_TARGET = 13.0;
				LD_RUNPATH_SEARCH_PATHS = (
					"$(inherited)",
					"@executable_path/Frameworks",
				);
				MARKETING_VERSION = 1.0;
				PRODUCT_BUNDLE_IDENTIFIER = "ru.yandex.practicum.ImageFeed-sprint08";
				PRODUCT_NAME = "$(TARGET_NAME)";
				SUPPORTED_PLATFORMS = "iphoneos iphonesimulator";
				SUPPORTS_MACCATALYST = NO;
				SUPPORTS_MAC_DESIGNED_FOR_IPHONE_IPAD = NO;
				SWIFT_EMIT_LOC_STRINGS = YES;
				SWIFT_VERSION = 5.0;
				TARGETED_DEVICE_FAMILY = 1;
			};
			name = Debug;
		};
		731402B12B1DC6C500FDBD5F /* Release */ = {
			isa = XCBuildConfiguration;
			buildSettings = {
				ASSETCATALOG_COMPILER_APPICON_NAME = AppIcon;
				ASSETCATALOG_COMPILER_GLOBAL_ACCENT_COLOR_NAME = AccentColor;
				CODE_SIGN_STYLE = Automatic;
				CURRENT_PROJECT_VERSION = 1;
				DEVELOPMENT_TEAM = 7W278NP9KT;
				GENERATE_INFOPLIST_FILE = YES;
				INFOPLIST_FILE = ImageFeed/Services/Info.plist;
				INFOPLIST_KEY_UIApplicationSupportsIndirectInputEvents = YES;
				INFOPLIST_KEY_UILaunchStoryboardName = LaunchScreen.storyboard;
				INFOPLIST_KEY_UIMainStoryboardFile = Main;
				INFOPLIST_KEY_UISupportedInterfaceOrientations = UIInterfaceOrientationPortrait;
				INFOPLIST_KEY_UISupportedInterfaceOrientations_iPad = "UIInterfaceOrientationLandscapeLeft UIInterfaceOrientationLandscapeRight UIInterfaceOrientationPortrait UIInterfaceOrientationPortraitUpsideDown";
				IPHONEOS_DEPLOYMENT_TARGET = 13.0;
				LD_RUNPATH_SEARCH_PATHS = (
					"$(inherited)",
					"@executable_path/Frameworks",
				);
				MARKETING_VERSION = 1.0;
				PRODUCT_BUNDLE_IDENTIFIER = "ru.yandex.practicum.ImageFeed-sprint08";
				PRODUCT_NAME = "$(TARGET_NAME)";
				SUPPORTED_PLATFORMS = "iphoneos iphonesimulator";
				SUPPORTS_MACCATALYST = NO;
				SUPPORTS_MAC_DESIGNED_FOR_IPHONE_IPAD = NO;
				SWIFT_EMIT_LOC_STRINGS = YES;
				SWIFT_VERSION = 5.0;
				TARGETED_DEVICE_FAMILY = 1;
			};
			name = Release;
		};
		732769E52B7218CE003D6B9D /* Debug */ = {
			isa = XCBuildConfiguration;
			buildSettings = {
				BUNDLE_LOADER = "$(TEST_HOST)";
				CODE_SIGN_STYLE = Automatic;
				CURRENT_PROJECT_VERSION = 1;
				GENERATE_INFOPLIST_FILE = YES;
				IPHONEOS_DEPLOYMENT_TARGET = 17.2;
				MARKETING_VERSION = 1.0;
				PRODUCT_BUNDLE_IDENTIFIER = ru.yandex.practicum.ImageFeedTests;
				PRODUCT_NAME = "$(TARGET_NAME)";
				SWIFT_EMIT_LOC_STRINGS = NO;
				SWIFT_VERSION = 5.0;
				TARGETED_DEVICE_FAMILY = "1,2";
				TEST_HOST = "$(BUILT_PRODUCTS_DIR)/ImageFeed.app/$(BUNDLE_EXECUTABLE_FOLDER_PATH)/ImageFeed";
			};
			name = Debug;
		};
		732769E62B7218CE003D6B9D /* Release */ = {
			isa = XCBuildConfiguration;
			buildSettings = {
				BUNDLE_LOADER = "$(TEST_HOST)";
				CODE_SIGN_STYLE = Automatic;
				CURRENT_PROJECT_VERSION = 1;
				GENERATE_INFOPLIST_FILE = YES;
				IPHONEOS_DEPLOYMENT_TARGET = 17.2;
				MARKETING_VERSION = 1.0;
				PRODUCT_BUNDLE_IDENTIFIER = ru.yandex.practicum.ImageFeedTests;
				PRODUCT_NAME = "$(TARGET_NAME)";
				SWIFT_EMIT_LOC_STRINGS = NO;
				SWIFT_VERSION = 5.0;
				TARGETED_DEVICE_FAMILY = "1,2";
				TEST_HOST = "$(BUILT_PRODUCTS_DIR)/ImageFeed.app/$(BUNDLE_EXECUTABLE_FOLDER_PATH)/ImageFeed";
			};
			name = Release;
		};
		732A289D2B7F750B0052DEFD /* Debug */ = {
			isa = XCBuildConfiguration;
			buildSettings = {
				BUNDLE_LOADER = "$(TEST_HOST)";
				CODE_SIGN_STYLE = Automatic;
				CURRENT_PROJECT_VERSION = 1;
				GENERATE_INFOPLIST_FILE = YES;
				IPHONEOS_DEPLOYMENT_TARGET = 17.2;
				MARKETING_VERSION = 1.0;
				PRODUCT_BUNDLE_IDENTIFIER = "ru.yandex.practicum.ImageFeedTests-sprint-13";
				PRODUCT_NAME = "$(TARGET_NAME)";
				SWIFT_EMIT_LOC_STRINGS = NO;
				SWIFT_VERSION = 5.0;
				TARGETED_DEVICE_FAMILY = "1,2";
				TEST_HOST = "$(BUILT_PRODUCTS_DIR)/ImageFeed.app/$(BUNDLE_EXECUTABLE_FOLDER_PATH)/ImageFeed";
			};
			name = Debug;
		};
		732A289E2B7F750B0052DEFD /* Release */ = {
			isa = XCBuildConfiguration;
			buildSettings = {
				BUNDLE_LOADER = "$(TEST_HOST)";
				CODE_SIGN_STYLE = Automatic;
				CURRENT_PROJECT_VERSION = 1;
				GENERATE_INFOPLIST_FILE = YES;
				IPHONEOS_DEPLOYMENT_TARGET = 17.2;
				MARKETING_VERSION = 1.0;
				PRODUCT_BUNDLE_IDENTIFIER = "ru.yandex.practicum.ImageFeedTests-sprint-13";
				PRODUCT_NAME = "$(TARGET_NAME)";
				SWIFT_EMIT_LOC_STRINGS = NO;
				SWIFT_VERSION = 5.0;
				TARGETED_DEVICE_FAMILY = "1,2";
				TEST_HOST = "$(BUILT_PRODUCTS_DIR)/ImageFeed.app/$(BUNDLE_EXECUTABLE_FOLDER_PATH)/ImageFeed";
			};
			name = Release;
		};
/* End XCBuildConfiguration section */

/* Begin XCConfigurationList section */
		731402962B1DC6C400FDBD5F /* Build configuration list for PBXProject "ImageFeed" */ = {
			isa = XCConfigurationList;
			buildConfigurations = (
				731402AD2B1DC6C500FDBD5F /* Debug */,
				731402AE2B1DC6C500FDBD5F /* Release */,
			);
			defaultConfigurationIsVisible = 0;
			defaultConfigurationName = Release;
		};
		731402AF2B1DC6C500FDBD5F /* Build configuration list for PBXNativeTarget "ImageFeed" */ = {
			isa = XCConfigurationList;
			buildConfigurations = (
				731402B02B1DC6C500FDBD5F /* Debug */,
				731402B12B1DC6C500FDBD5F /* Release */,
			);
			defaultConfigurationIsVisible = 0;
			defaultConfigurationName = Release;
		};
		732769E72B7218CE003D6B9D /* Build configuration list for PBXNativeTarget "ImageFeedTests" */ = {
			isa = XCConfigurationList;
			buildConfigurations = (
				732769E52B7218CE003D6B9D /* Debug */,
				732769E62B7218CE003D6B9D /* Release */,
			);
			defaultConfigurationIsVisible = 0;
			defaultConfigurationName = Release;
		};
		732A289C2B7F750B0052DEFD /* Build configuration list for PBXNativeTarget "ImageFeedTests_sprint_13" */ = {
			isa = XCConfigurationList;
			buildConfigurations = (
				732A289D2B7F750B0052DEFD /* Debug */,
				732A289E2B7F750B0052DEFD /* Release */,
			);
			defaultConfigurationIsVisible = 0;
			defaultConfigurationName = Release;
		};
/* End XCConfigurationList section */

/* Begin XCRemoteSwiftPackageReference section */
		733A93A32B5E6F63007105A2 /* XCRemoteSwiftPackageReference "Kingfisher" */ = {
			isa = XCRemoteSwiftPackageReference;
			repositoryURL = "https://github.com/onevcat/Kingfisher.git";
			requirement = {
				kind = upToNextMajorVersion;
				minimumVersion = 7.10.2;
			};
		};
		733A93A62B5E7763007105A2 /* XCRemoteSwiftPackageReference "SwiftKeychainWrapper" */ = {
			isa = XCRemoteSwiftPackageReference;
			repositoryURL = "https://github.com/jrendel/SwiftKeychainWrapper.git";
			requirement = {
				kind = upToNextMajorVersion;
				minimumVersion = 4.0.1;
			};
		};
		7344337F2B55C52E0081EFDB /* XCRemoteSwiftPackageReference "ProgressHUD" */ = {
			isa = XCRemoteSwiftPackageReference;
			repositoryURL = "https://github.com/relatedcode/ProgressHUD";
			requirement = {
				kind = upToNextMajorVersion;
				minimumVersion = 14.1.0;
			};
		};
/* End XCRemoteSwiftPackageReference section */

/* Begin XCSwiftPackageProductDependency section */
		733A93A42B5E6F63007105A2 /* Kingfisher */ = {
			isa = XCSwiftPackageProductDependency;
			package = 733A93A32B5E6F63007105A2 /* XCRemoteSwiftPackageReference "Kingfisher" */;
			productName = Kingfisher;
		};
		733A93A72B5E7763007105A2 /* SwiftKeychainWrapper */ = {
			isa = XCSwiftPackageProductDependency;
			package = 733A93A62B5E7763007105A2 /* XCRemoteSwiftPackageReference "SwiftKeychainWrapper" */;
			productName = SwiftKeychainWrapper;
		};
		734433802B55C52E0081EFDB /* ProgressHUD */ = {
			isa = XCSwiftPackageProductDependency;
			package = 7344337F2B55C52E0081EFDB /* XCRemoteSwiftPackageReference "ProgressHUD" */;
			productName = ProgressHUD;
		};
/* End XCSwiftPackageProductDependency section */
	};
	rootObject = 731402932B1DC6C400FDBD5F /* Project object */;
}
